// !$*UTF8*$!
{
	archiveVersion = 1;
	classes = {
	};
	objectVersion = 56;
	objects = {

/* Begin PBXBuildFile section */
		BD099C912C5BE35900069709 /* resources.swift in Sources */ = {isa = PBXBuildFile; fileRef = BD099C902C5BE35800069709 /* resources.swift */; };
		BD0E416D2C5A93120041086B /* Court Cases.swift in Sources */ = {isa = PBXBuildFile; fileRef = BD0E416C2C5A93120041086B /* Court Cases.swift */; };
		BD0E416F2C5AB9AA0041086B /* Representatives.swift in Sources */ = {isa = PBXBuildFile; fileRef = BD0E416E2C5AB9A90041086B /* Representatives.swift */; };
		BD0E41702C5AF1900041086B /* PlayfairDisplay-Bold.ttf in Resources */ = {isa = PBXBuildFile; fileRef = BD0E416B2C5A91F50041086B /* PlayfairDisplay-Bold.ttf */; };
		BD324A182C5B0560000665E7 /* trumpUS.swift in Sources */ = {isa = PBXBuildFile; fileRef = BD324A172C5B0560000665E7 /* trumpUS.swift */; };
		BD324A1A2C5B0581000665E7 /* fischer.swift in Sources */ = {isa = PBXBuildFile; fileRef = BD324A192C5B0581000665E7 /* fischer.swift */; };
		BD324A1C2C5B058D000665E7 /* marbury.swift in Sources */ = {isa = PBXBuildFile; fileRef = BD324A1B2C5B058D000665E7 /* marbury.swift */; };
		BD324A1E2C5B0595000665E7 /* Roe.swift in Sources */ = {isa = PBXBuildFile; fileRef = BD324A1D2C5B0595000665E7 /* Roe.swift */; };
		BD530F122C540D50004BBABC /* Final_ProjectApp.swift in Sources */ = {isa = PBXBuildFile; fileRef = BD530F112C540D50004BBABC /* Final_ProjectApp.swift */; };
		BD530F142C540D50004BBABC /* ContentView.swift in Sources */ = {isa = PBXBuildFile; fileRef = BD530F132C540D50004BBABC /* ContentView.swift */; };
		BD530F162C540D52004BBABC /* Assets.xcassets in Resources */ = {isa = PBXBuildFile; fileRef = BD530F152C540D52004BBABC /* Assets.xcassets */; };
		BD530F192C540D52004BBABC /* Preview Assets.xcassets in Resources */ = {isa = PBXBuildFile; fileRef = BD530F182C540D52004BBABC /* Preview Assets.xcassets */; };
		BD5963E52C5BFB2D00B50C1D /* election.swift in Sources */ = {isa = PBXBuildFile; fileRef = BD5963E42C5BFB2D00B50C1D /* election.swift */; };
		BD5963E62C5C0A3900B50C1D /* PlayfairDisplay-Regular.ttf in Resources */ = {isa = PBXBuildFile; fileRef = BD0E416A2C5A90A20041086B /* PlayfairDisplay-Regular.ttf */; };
		BDAA75AC2C596AA7003C4BAE /* About.swift in Sources */ = {isa = PBXBuildFile; fileRef = BDAA75AB2C596AA7003C4BAE /* About.swift */; };
/* End PBXBuildFile section */

/* Begin PBXFileReference section */
		BD0790F42C5A81B400A3C090 /* Final-Project-Info.plist */ = {isa = PBXFileReference; lastKnownFileType = text.plist; path = "Final-Project-Info.plist"; sourceTree = SOURCE_ROOT; };
		BD099C902C5BE35800069709 /* resources.swift */ = {isa = PBXFileReference; lastKnownFileType = sourcecode.swift; path = resources.swift; sourceTree = "<group>"; };
		BD0E416A2C5A90A20041086B /* PlayfairDisplay-Regular.ttf */ = {isa = PBXFileReference; lastKnownFileType = file; path = "PlayfairDisplay-Regular.ttf"; sourceTree = "<group>"; };
		BD0E416B2C5A91F50041086B /* PlayfairDisplay-Bold.ttf */ = {isa = PBXFileReference; lastKnownFileType = file; path = "PlayfairDisplay-Bold.ttf"; sourceTree = "<group>"; };
		BD0E416C2C5A93120041086B /* Court Cases.swift */ = {isa = PBXFileReference; lastKnownFileType = sourcecode.swift; path = "Court Cases.swift"; sourceTree = "<group>"; };
		BD0E416E2C5AB9A90041086B /* Representatives.swift */ = {isa = PBXFileReference; lastKnownFileType = sourcecode.swift; path = Representatives.swift; sourceTree = "<group>"; };
		BD324A172C5B0560000665E7 /* trumpUS.swift */ = {isa = PBXFileReference; lastKnownFileType = sourcecode.swift; path = trumpUS.swift; sourceTree = "<group>"; };
		BD324A192C5B0581000665E7 /* fischer.swift */ = {isa = PBXFileReference; lastKnownFileType = sourcecode.swift; path = fischer.swift; sourceTree = "<group>"; };
		BD324A1B2C5B058D000665E7 /* marbury.swift */ = {isa = PBXFileReference; lastKnownFileType = sourcecode.swift; path = marbury.swift; sourceTree = "<group>"; };
		BD324A1D2C5B0595000665E7 /* Roe.swift */ = {isa = PBXFileReference; lastKnownFileType = sourcecode.swift; path = Roe.swift; sourceTree = "<group>"; };
		BD530F0E2C540D50004BBABC /* Final Project.app */ = {isa = PBXFileReference; explicitFileType = wrapper.application; includeInIndex = 0; path = "Final Project.app"; sourceTree = BUILT_PRODUCTS_DIR; };
		BD530F112C540D50004BBABC /* Final_ProjectApp.swift */ = {isa = PBXFileReference; lastKnownFileType = sourcecode.swift; path = Final_ProjectApp.swift; sourceTree = "<group>"; };
		BD530F132C540D50004BBABC /* ContentView.swift */ = {isa = PBXFileReference; lastKnownFileType = sourcecode.swift; path = ContentView.swift; sourceTree = "<group>"; };
		BD530F152C540D52004BBABC /* Assets.xcassets */ = {isa = PBXFileReference; lastKnownFileType = folder.assetcatalog; path = Assets.xcassets; sourceTree = "<group>"; };
		BD530F182C540D52004BBABC /* Preview Assets.xcassets */ = {isa = PBXFileReference; lastKnownFileType = folder.assetcatalog; path = "Preview Assets.xcassets"; sourceTree = "<group>"; };
		BD5963E42C5BFB2D00B50C1D /* election.swift */ = {isa = PBXFileReference; lastKnownFileType = sourcecode.swift; path = election.swift; sourceTree = "<group>"; };
		BDAA75AB2C596AA7003C4BAE /* About.swift */ = {isa = PBXFileReference; lastKnownFileType = sourcecode.swift; path = About.swift; sourceTree = "<group>"; };
/* End PBXFileReference section */

/* Begin PBXFrameworksBuildPhase section */
		BD530F0B2C540D50004BBABC /* Frameworks */ = {
			isa = PBXFrameworksBuildPhase;
			buildActionMask = 2147483647;
			files = (
			);
			runOnlyForDeploymentPostprocessing = 0;
		};
/* End PBXFrameworksBuildPhase section */

/* Begin PBXGroup section */
		BD530F052C540D50004BBABC = {
			isa = PBXGroup;
			children = (
				BD530F102C540D50004BBABC /* Final Project */,
				BD530F0F2C540D50004BBABC /* Products */,
			);
			sourceTree = "<group>";
		};
		BD530F0F2C540D50004BBABC /* Products */ = {
			isa = PBXGroup;
			children = (
				BD530F0E2C540D50004BBABC /* Final Project.app */,
			);
			name = Products;
			sourceTree = "<group>";
		};
		BD530F102C540D50004BBABC /* Final Project */ = {
			isa = PBXGroup;
			children = (
				BD0E416A2C5A90A20041086B /* PlayfairDisplay-Regular.ttf */,
				BD0E416B2C5A91F50041086B /* PlayfairDisplay-Bold.ttf */,
				BD0790F42C5A81B400A3C090 /* Final-Project-Info.plist */,
				BD530F112C540D50004BBABC /* Final_ProjectApp.swift */,
				BD530F132C540D50004BBABC /* ContentView.swift */,
				BD5963E42C5BFB2D00B50C1D /* election.swift */,
				BD099C902C5BE35800069709 /* resources.swift */,
				BD0E416E2C5AB9A90041086B /* Representatives.swift */,
				BD324A172C5B0560000665E7 /* trumpUS.swift */,
				BD0E416C2C5A93120041086B /* Court Cases.swift */,
				BD324A1D2C5B0595000665E7 /* Roe.swift */,
				BD324A1B2C5B058D000665E7 /* marbury.swift */,
				BD324A192C5B0581000665E7 /* fischer.swift */,
				BDAA75AB2C596AA7003C4BAE /* About.swift */,
				BD530F152C540D52004BBABC /* Assets.xcassets */,
				BD530F172C540D52004BBABC /* Preview Content */,
			);
			path = "Final Project";
			sourceTree = "<group>";
		};
		BD530F172C540D52004BBABC /* Preview Content */ = {
			isa = PBXGroup;
			children = (
				BD530F182C540D52004BBABC /* Preview Assets.xcassets */,
			);
			path = "Preview Content";
			sourceTree = "<group>";
		};
/* End PBXGroup section */

/* Begin PBXNativeTarget section */
		BD530F0D2C540D50004BBABC /* Final Project */ = {
			isa = PBXNativeTarget;
			buildConfigurationList = BD530F1C2C540D52004BBABC /* Build configuration list for PBXNativeTarget "Final Project" */;
			buildPhases = (
				BD530F0A2C540D50004BBABC /* Sources */,
				BD530F0B2C540D50004BBABC /* Frameworks */,
				BD530F0C2C540D50004BBABC /* Resources */,
			);
			buildRules = (
			);
			dependencies = (
			);
			name = "Final Project";
			productName = "Final Project";
			productReference = BD530F0E2C540D50004BBABC /* Final Project.app */;
			productType = "com.apple.product-type.application";
		};
/* End PBXNativeTarget section */

/* Begin PBXProject section */
		BD530F062C540D50004BBABC /* Project object */ = {
			isa = PBXProject;
			attributes = {
				BuildIndependentTargetsInParallel = 1;
				LastSwiftUpdateCheck = 1540;
				LastUpgradeCheck = 1540;
				TargetAttributes = {
					BD530F0D2C540D50004BBABC = {
						CreatedOnToolsVersion = 15.4;
					};
				};
			};
			buildConfigurationList = BD530F092C540D50004BBABC /* Build configuration list for PBXProject "Final Project" */;
			compatibilityVersion = "Xcode 14.0";
			developmentRegion = en;
			hasScannedForEncodings = 0;
			knownRegions = (
				en,
				Base,
			);
			mainGroup = BD530F052C540D50004BBABC;
			productRefGroup = BD530F0F2C540D50004BBABC /* Products */;
			projectDirPath = "";
			projectRoot = "";
			targets = (
				BD530F0D2C540D50004BBABC /* Final Project */,
			);
		};
/* End PBXProject section */

/* Begin PBXResourcesBuildPhase section */
		BD530F0C2C540D50004BBABC /* Resources */ = {
			isa = PBXResourcesBuildPhase;
			buildActionMask = 2147483647;
			files = (
				BD5963E62C5C0A3900B50C1D /* PlayfairDisplay-Regular.ttf in Resources */,
				BD0E41702C5AF1900041086B /* PlayfairDisplay-Bold.ttf in Resources */,
				BD530F192C540D52004BBABC /* Preview Assets.xcassets in Resources */,
				BD530F162C540D52004BBABC /* Assets.xcassets in Resources */,
			);
			runOnlyForDeploymentPostprocessing = 0;
		};
/* End PBXResourcesBuildPhase section */

/* Begin PBXSourcesBuildPhase section */
		BD530F0A2C540D50004BBABC /* Sources */ = {
			isa = PBXSourcesBuildPhase;
			buildActionMask = 2147483647;
			files = (
				BD324A182C5B0560000665E7 /* trumpUS.swift in Sources */,
				BD324A1E2C5B0595000665E7 /* Roe.swift in Sources */,
				BD0E416F2C5AB9AA0041086B /* Representatives.swift in Sources */,
				BD324A1C2C5B058D000665E7 /* marbury.swift in Sources */,
				BD0E416D2C5A93120041086B /* Court Cases.swift in Sources */,
				BD530F142C540D50004BBABC /* ContentView.swift in Sources */,
				BD324A1A2C5B0581000665E7 /* fischer.swift in Sources */,
				BD099C912C5BE35900069709 /* resources.swift in Sources */,
				BDAA75AC2C596AA7003C4BAE /* About.swift in Sources */,
				BD5963E52C5BFB2D00B50C1D /* election.swift in Sources */,
				BD530F122C540D50004BBABC /* Final_ProjectApp.swift in Sources */,
			);
			runOnlyForDeploymentPostprocessing = 0;
		};
/* End PBXSourcesBuildPhase section */

/* Begin XCBuildConfiguration section */
		BD530F1A2C540D52004BBABC /* Debug */ = {
			isa = XCBuildConfiguration;
			buildSettings = {
				ALWAYS_SEARCH_USER_PATHS = NO;
				ASSETCATALOG_COMPILER_GENERATE_SWIFT_ASSET_SYMBOL_EXTENSIONS = YES;
				CLANG_ANALYZER_NONNULL = YES;
				CLANG_ANALYZER_NUMBER_OBJECT_CONVERSION = YES_AGGRESSIVE;
				CLANG_CXX_LANGUAGE_STANDARD = "gnu++20";
				CLANG_ENABLE_MODULES = YES;
				CLANG_ENABLE_OBJC_ARC = YES;
				CLANG_ENABLE_OBJC_WEAK = YES;
				CLANG_WARN_BLOCK_CAPTURE_AUTORELEASING = YES;
				CLANG_WARN_BOOL_CONVERSION = YES;
				CLANG_WARN_COMMA = YES;
				CLANG_WARN_CONSTANT_CONVERSION = YES;
				CLANG_WARN_DEPRECATED_OBJC_IMPLEMENTATIONS = YES;
				CLANG_WARN_DIRECT_OBJC_ISA_USAGE = YES_ERROR;
				CLANG_WARN_DOCUMENTATION_COMMENTS = YES;
				CLANG_WARN_EMPTY_BODY = YES;
				CLANG_WARN_ENUM_CONVERSION = YES;
				CLANG_WARN_INFINITE_RECURSION = YES;
				CLANG_WARN_INT_CONVERSION = YES;
				CLANG_WARN_NON_LITERAL_NULL_CONVERSION = YES;
				CLANG_WARN_OBJC_IMPLICIT_RETAIN_SELF = YES;
				CLANG_WARN_OBJC_LITERAL_CONVERSION = YES;
				CLANG_WARN_OBJC_ROOT_CLASS = YES_ERROR;
				CLANG_WARN_QUOTED_INCLUDE_IN_FRAMEWORK_HEADER = YES;
				CLANG_WARN_RANGE_LOOP_ANALYSIS = YES;
				CLANG_WARN_STRICT_PROTOTYPES = YES;
				CLANG_WARN_SUSPICIOUS_MOVE = YES;
				CLANG_WARN_UNGUARDED_AVAILABILITY = YES_AGGRESSIVE;
				CLANG_WARN_UNREACHABLE_CODE = YES;
				CLANG_WARN__DUPLICATE_METHOD_MATCH = YES;
				COPY_PHASE_STRIP = NO;
				DEBUG_INFORMATION_FORMAT = dwarf;
				ENABLE_STRICT_OBJC_MSGSEND = YES;
				ENABLE_TESTABILITY = YES;
				ENABLE_USER_SCRIPT_SANDBOXING = YES;
				GCC_C_LANGUAGE_STANDARD = gnu17;
				GCC_DYNAMIC_NO_PIC = NO;
				GCC_NO_COMMON_BLOCKS = YES;
				GCC_OPTIMIZATION_LEVEL = 0;
				GCC_PREPROCESSOR_DEFINITIONS = (
					"DEBUG=1",
					"$(inherited)",
				);
				GCC_WARN_64_TO_32_BIT_CONVERSION = YES;
				GCC_WARN_ABOUT_RETURN_TYPE = YES_ERROR;
				GCC_WARN_UNDECLARED_SELECTOR = YES;
				GCC_WARN_UNINITIALIZED_AUTOS = YES_AGGRESSIVE;
				GCC_WARN_UNUSED_FUNCTION = YES;
				GCC_WARN_UNUSED_VARIABLE = YES;
				IPHONEOS_DEPLOYMENT_TARGET = 17.5;
				LOCALIZATION_PREFERS_STRING_CATALOGS = YES;
				MTL_ENABLE_DEBUG_INFO = INCLUDE_SOURCE;
				MTL_FAST_MATH = YES;
				ONLY_ACTIVE_ARCH = YES;
				SDKROOT = iphoneos;
				SWIFT_ACTIVE_COMPILATION_CONDITIONS = "DEBUG $(inherited)";
				SWIFT_OPTIMIZATION_LEVEL = "-Onone";
			};
			name = Debug;
		};
		BD530F1B2C540D52004BBABC /* Release */ = {
			isa = XCBuildConfiguration;
			buildSettings = {
				ALWAYS_SEARCH_USER_PATHS = NO;
				ASSETCATALOG_COMPILER_GENERATE_SWIFT_ASSET_SYMBOL_EXTENSIONS = YES;
				CLANG_ANALYZER_NONNULL = YES;
				CLANG_ANALYZER_NUMBER_OBJECT_CONVERSION = YES_AGGRESSIVE;
				CLANG_CXX_LANGUAGE_STANDARD = "gnu++20";
				CLANG_ENABLE_MODULES = YES;
				CLANG_ENABLE_OBJC_ARC = YES;
				CLANG_ENABLE_OBJC_WEAK = YES;
				CLANG_WARN_BLOCK_CAPTURE_AUTORELEASING = YES;
				CLANG_WARN_BOOL_CONVERSION = YES;
				CLANG_WARN_COMMA = YES;
				CLANG_WARN_CONSTANT_CONVERSION = YES;
				CLANG_WARN_DEPRECATED_OBJC_IMPLEMENTATIONS = YES;
				CLANG_WARN_DIRECT_OBJC_ISA_USAGE = YES_ERROR;
				CLANG_WARN_DOCUMENTATION_COMMENTS = YES;
				CLANG_WARN_EMPTY_BODY = YES;
				CLANG_WARN_ENUM_CONVERSION = YES;
				CLANG_WARN_INFINITE_RECURSION = YES;
				CLANG_WARN_INT_CONVERSION = YES;
				CLANG_WARN_NON_LITERAL_NULL_CONVERSION = YES;
				CLANG_WARN_OBJC_IMPLICIT_RETAIN_SELF = YES;
				CLANG_WARN_OBJC_LITERAL_CONVERSION = YES;
				CLANG_WARN_OBJC_ROOT_CLASS = YES_ERROR;
				CLANG_WARN_QUOTED_INCLUDE_IN_FRAMEWORK_HEADER = YES;
				CLANG_WARN_RANGE_LOOP_ANALYSIS = YES;
				CLANG_WARN_STRICT_PROTOTYPES = YES;
				CLANG_WARN_SUSPICIOUS_MOVE = YES;
				CLANG_WARN_UNGUARDED_AVAILABILITY = YES_AGGRESSIVE;
				CLANG_WARN_UNREACHABLE_CODE = YES;
				CLANG_WARN__DUPLICATE_METHOD_MATCH = YES;
				COPY_PHASE_STRIP = NO;
				DEBUG_INFORMATION_FORMAT = "dwarf-with-dsym";
				ENABLE_NS_ASSERTIONS = NO;
				ENABLE_STRICT_OBJC_MSGSEND = YES;
				ENABLE_USER_SCRIPT_SANDBOXING = YES;
				GCC_C_LANGUAGE_STANDARD = gnu17;
				GCC_NO_COMMON_BLOCKS = YES;
				GCC_WARN_64_TO_32_BIT_CONVERSION = YES;
				GCC_WARN_ABOUT_RETURN_TYPE = YES_ERROR;
				GCC_WARN_UNDECLARED_SELECTOR = YES;
				GCC_WARN_UNINITIALIZED_AUTOS = YES_AGGRESSIVE;
				GCC_WARN_UNUSED_FUNCTION = YES;
				GCC_WARN_UNUSED_VARIABLE = YES;
				IPHONEOS_DEPLOYMENT_TARGET = 17.5;
				LOCALIZATION_PREFERS_STRING_CATALOGS = YES;
				MTL_ENABLE_DEBUG_INFO = NO;
				MTL_FAST_MATH = YES;
				SDKROOT = iphoneos;
				SWIFT_COMPILATION_MODE = wholemodule;
				VALIDATE_PRODUCT = YES;
			};
			name = Release;
		};
		BD530F1D2C540D52004BBABC /* Debug */ = {
			isa = XCBuildConfiguration;
			buildSettings = {
				ASSETCATALOG_COMPILER_APPICON_NAME = AppIcon;
				ASSETCATALOG_COMPILER_GLOBAL_ACCENT_COLOR_NAME = AccentColor;
				CODE_SIGN_STYLE = Automatic;
				CURRENT_PROJECT_VERSION = 1;
				DEVELOPMENT_ASSET_PATHS = "\"Final Project/Preview Content\"";
				ENABLE_PREVIEWS = YES;
				GENERATE_INFOPLIST_FILE = YES;
				INFOPLIST_FILE = "Final-Project-Info.plist";
				INFOPLIST_KEY_UIApplicationSceneManifest_Generation = YES;
				INFOPLIST_KEY_UIApplicationSupportsIndirectInputEvents = YES;
				INFOPLIST_KEY_UILaunchScreen_Generation = YES;
				INFOPLIST_KEY_UISupportedInterfaceOrientations_iPad = "UIInterfaceOrientationPortrait UIInterfaceOrientationPortraitUpsideDown UIInterfaceOrientationLandscapeLeft UIInterfaceOrientationLandscapeRight";
				INFOPLIST_KEY_UISupportedInterfaceOrientations_iPhone = "UIInterfaceOrientationPortrait UIInterfaceOrientationLandscapeLeft UIInterfaceOrientationLandscapeRight";
				LD_RUNPATH_SEARCH_PATHS = (
					"$(inherited)",
					"@executable_path/Frameworks",
				);
				MARKETING_VERSION = 1.0;
				PRODUCT_BUNDLE_IDENTIFIER = "kwk.Final-Project";
				PRODUCT_NAME = "$(TARGET_NAME)";
				SWIFT_EMIT_LOC_STRINGS = YES;
				SWIFT_VERSION = 5.0;
				TARGETED_DEVICE_FAMILY = "1,2";
			};
			name = Debug;
		};
		BD530F1E2C540D52004BBABC /* Release */ = {
			isa = XCBuildConfiguration;
			buildSettings = {
				ASSETCATALOG_COMPILER_APPICON_NAME = AppIcon;
				ASSETCATALOG_COMPILER_GLOBAL_ACCENT_COLOR_NAME = AccentColor;
				CODE_SIGN_STYLE = Automatic;
				CURRENT_PROJECT_VERSION = 1;
				DEVELOPMENT_ASSET_PATHS = "\"Final Project/Preview Content\"";
				ENABLE_PREVIEWS = YES;
				GENERATE_INFOPLIST_FILE = YES;
				INFOPLIST_FILE = "Final-Project-Info.plist";
				INFOPLIST_KEY_UIApplicationSceneManifest_Generation = YES;
				INFOPLIST_KEY_UIApplicationSupportsIndirectInputEvents = YES;
				INFOPLIST_KEY_UILaunchScreen_Generation = YES;
				INFOPLIST_KEY_UISupportedInterfaceOrientations_iPad = "UIInterfaceOrientationPortrait UIInterfaceOrientationPortraitUpsideDown UIInterfaceOrientationLandscapeLeft UIInterfaceOrientationLandscapeRight";
				INFOPLIST_KEY_UISupportedInterfaceOrientations_iPhone = "UIInterfaceOrientationPortrait UIInterfaceOrientationLandscapeLeft UIInterfaceOrientationLandscapeRight";
				LD_RUNPATH_SEARCH_PATHS = (
					"$(inherited)",
					"@executable_path/Frameworks",
				);
				MARKETING_VERSION = 1.0;
				PRODUCT_BUNDLE_IDENTIFIER = "kwk.Final-Project";
				PRODUCT_NAME = "$(TARGET_NAME)";
				SWIFT_EMIT_LOC_STRINGS = YES;
				SWIFT_VERSION = 5.0;
				TARGETED_DEVICE_FAMILY = "1,2";
			};
			name = Release;
		};
/* End XCBuildConfiguration section */

/* Begin XCConfigurationList section */
		BD530F092C540D50004BBABC /* Build configuration list for PBXProject "Final Project" */ = {
			isa = XCConfigurationList;
			buildConfigurations = (
				BD530F1A2C540D52004BBABC /* Debug */,
				BD530F1B2C540D52004BBABC /* Release */,
			);
			defaultConfigurationIsVisible = 0;
			defaultConfigurationName = Release;
		};
		BD530F1C2C540D52004BBABC /* Build configuration list for PBXNativeTarget "Final Project" */ = {
			isa = XCConfigurationList;
			buildConfigurations = (
				BD530F1D2C540D52004BBABC /* Debug */,
				BD530F1E2C540D52004BBABC /* Release */,
			);
			defaultConfigurationIsVisible = 0;
			defaultConfigurationName = Release;
		};
/* End XCConfigurationList section */
	};
	rootObject = BD530F062C540D50004BBABC /* Project object */;
}
